
Microsoft Visual Studio Solution File, Format Version 12.00
# Visual Studio 2012
Project("{FAE04EC0-301F-11D3-BF4B-00C04F79EFBC}") = "ClassLibrary1", "ClassLibrary1\ClassLibrary1.csproj", "{5AD824A9-B660-455E-907D-7AEE280E6E7F}"
EndProject
Project("{FAE04EC0-301F-11D3-BF4B-00C04F79EFBC}") = "StringCalculatorTests", "StringCalculatorTests\StringCalculatorTests.csproj", "{63AA4031-42C7-4066-8F2A-55E5D46DC3FE}"
EndProject
Global
	GlobalSection(SolutionConfigurationPlatforms) = preSolution
		Debug|Any CPU = Debug|Any CPU
		Release|Any CPU = Release|Any CPU
	EndGlobalSection
	GlobalSection(ProjectConfigurationPlatforms) = postSolution
		{5AD824A9-B660-455E-907D-7AEE280E6E7F}.Debug|Any CPU.ActiveCfg = Debug|Any CPU
		{5AD824A9-B660-455E-907D-7AEE280E6E7F}.Debug|Any CPU.Build.0 = Debug|Any CPU
		{5AD824A9-B660-455E-907D-7AEE280E6E7F}.Release|Any CPU.ActiveCfg = Release|Any CPU
		{5AD824A9-B660-455E-907D-7AEE280E6E7F}.Release|Any CPU.Build.0 = Release|Any CPU
		{63AA4031-42C7-4066-8F2A-55E5D46DC3FE}.Debug|Any CPU.ActiveCfg = Debug|Any CPU
		{63AA4031-42C7-4066-8F2A-55E5D46DC3FE}.Debug|Any CPU.Build.0 = Debug|Any CPU
		{63AA4031-42C7-4066-8F2A-55E5D46DC3FE}.Release|Any CPU.ActiveCfg = Release|Any CPU
		{63AA4031-42C7-4066-8F2A-55E5D46DC3FE}.Release|Any CPU.Build.0 = Release|Any CPU
	EndGlobalSection
	GlobalSection(SolutionProperties) = preSolution
		HideSolutionNode = FALSE
	EndGlobalSection
EndGlobal
